// !$*UTF8*$!
{
	archiveVersion = 1;
	classes = {
	};
	objectVersion = 51;
	objects = {

/* Begin PBXBuildFile section */
		187527E2BAC2D710E87CE79E /* Pods_AnimationApp.framework in Frameworks */ = {isa = PBXBuildFile; fileRef = F237B929613E117AE182A62B /* Pods_AnimationApp.framework */; };
		A50DDBCC26B932B2007CD146 /* AppDelegate.swift in Sources */ = {isa = PBXBuildFile; fileRef = A50DDBCB26B932B2007CD146 /* AppDelegate.swift */; };
		A50DDBCE26B932B2007CD146 /* SceneDelegate.swift in Sources */ = {isa = PBXBuildFile; fileRef = A50DDBCD26B932B2007CD146 /* SceneDelegate.swift */; };
		A50DDBD026B932B2007CD146 /* AnimationViewController.swift in Sources */ = {isa = PBXBuildFile; fileRef = A50DDBCF26B932B2007CD146 /* AnimationViewController.swift */; };
		A50DDBD326B932B2007CD146 /* Main.storyboard in Resources */ = {isa = PBXBuildFile; fileRef = A50DDBD126B932B2007CD146 /* Main.storyboard */; };
		A50DDBD526B932B4007CD146 /* Assets.xcassets in Resources */ = {isa = PBXBuildFile; fileRef = A50DDBD426B932B4007CD146 /* Assets.xcassets */; };
		A50DDBD826B932B4007CD146 /* LaunchScreen.storyboard in Resources */ = {isa = PBXBuildFile; fileRef = A50DDBD626B932B4007CD146 /* LaunchScreen.storyboard */; };
		A5CADA0B26B98EA4004ED243 /* Animation.swift in Sources */ = {isa = PBXBuildFile; fileRef = A5CADA0A26B98EA4004ED243 /* Animation.swift */; };
/* End PBXBuildFile section */

/* Begin PBXFileReference section */
		1846D8B018829B59AA784738 /* Pods-AnimationApp.debug.xcconfig */ = {isa = PBXFileReference; includeInIndex = 1; lastKnownFileType = text.xcconfig; name = "Pods-AnimationApp.debug.xcconfig"; path = "Target Support Files/Pods-AnimationApp/Pods-AnimationApp.debug.xcconfig"; sourceTree = "<group>"; };
		79C57DAB8C6E54C8BF93C1A9 /* Pods-AnimationApp.release.xcconfig */ = {isa = PBXFileReference; includeInIndex = 1; lastKnownFileType = text.xcconfig; name = "Pods-AnimationApp.release.xcconfig"; path = "Target Support Files/Pods-AnimationApp/Pods-AnimationApp.release.xcconfig"; sourceTree = "<group>"; };
		A50DDBC826B932B2007CD146 /* AnimationApp.app */ = {isa = PBXFileReference; explicitFileType = wrapper.application; includeInIndex = 0; path = AnimationApp.app; sourceTree = BUILT_PRODUCTS_DIR; };
		A50DDBCB26B932B2007CD146 /* AppDelegate.swift */ = {isa = PBXFileReference; lastKnownFileType = sourcecode.swift; path = AppDelegate.swift; sourceTree = "<group>"; };
		A50DDBCD26B932B2007CD146 /* SceneDelegate.swift */ = {isa = PBXFileReference; lastKnownFileType = sourcecode.swift; path = SceneDelegate.swift; sourceTree = "<group>"; };
		A50DDBCF26B932B2007CD146 /* AnimationViewController.swift */ = {isa = PBXFileReference; lastKnownFileType = sourcecode.swift; path = AnimationViewController.swift; sourceTree = "<group>"; };
		A50DDBD226B932B2007CD146 /* Base */ = {isa = PBXFileReference; lastKnownFileType = file.storyboard; name = Base; path = Base.lproj/Main.storyboard; sourceTree = "<group>"; };
		A50DDBD426B932B4007CD146 /* Assets.xcassets */ = {isa = PBXFileReference; lastKnownFileType = folder.assetcatalog; path = Assets.xcassets; sourceTree = "<group>"; };
		A50DDBD726B932B4007CD146 /* Base */ = {isa = PBXFileReference; lastKnownFileType = file.storyboard; name = Base; path = Base.lproj/LaunchScreen.storyboard; sourceTree = "<group>"; };
		A50DDBD926B932B4007CD146 /* Info.plist */ = {isa = PBXFileReference; lastKnownFileType = text.plist.xml; path = Info.plist; sourceTree = "<group>"; };
		A5CADA0A26B98EA4004ED243 /* Animation.swift */ = {isa = PBXFileReference; lastKnownFileType = sourcecode.swift; path = Animation.swift; sourceTree = "<group>"; };
		F237B929613E117AE182A62B /* Pods_AnimationApp.framework */ = {isa = PBXFileReference; explicitFileType = wrapper.framework; includeInIndex = 0; path = Pods_AnimationApp.framework; sourceTree = BUILT_PRODUCTS_DIR; };
/* End PBXFileReference section */

/* Begin PBXFrameworksBuildPhase section */
		A50DDBC526B932B2007CD146 /* Frameworks */ = {
			isa = PBXFrameworksBuildPhase;
			buildActionMask = 2147483647;
			files = (
				187527E2BAC2D710E87CE79E /* Pods_AnimationApp.framework in Frameworks */,
			);
			runOnlyForDeploymentPostprocessing = 0;
		};
/* End PBXFrameworksBuildPhase section */

/* Begin PBXGroup section */
		7786E885DC5479041D5A1FF3 /* Pods */ = {
			isa = PBXGroup;
			children = (
				1846D8B018829B59AA784738 /* Pods-AnimationApp.debug.xcconfig */,
				79C57DAB8C6E54C8BF93C1A9 /* Pods-AnimationApp.release.xcconfig */,
			);
			path = Pods;
			sourceTree = "<group>";
		};
		A50DDBBF26B932B2007CD146 = {
			isa = PBXGroup;
			children = (
				A50DDBCA26B932B2007CD146 /* AnimationApp */,
				A50DDBC926B932B2007CD146 /* Products */,
				7786E885DC5479041D5A1FF3 /* Pods */,
				C464134F6FAB0186E1A0FCB9 /* Frameworks */,
			);
			sourceTree = "<group>";
		};
		A50DDBC926B932B2007CD146 /* Products */ = {
			isa = PBXGroup;
			children = (
				A50DDBC826B932B2007CD146 /* AnimationApp.app */,
			);
			name = Products;
			sourceTree = "<group>";
		};
		A50DDBCA26B932B2007CD146 /* AnimationApp */ = {
			isa = PBXGroup;
			children = (
				A5D24EDB26BAC9180087FC2E /* Models */,
				A5D24EDF26BACA000087FC2E /* ViewControllers */,
				A5D24EDA26BAC8E60087FC2E /* Storyboards */,
				A5D24EE126BACA1D0087FC2E /* SupportFiles */,
				A5D24EDD26BAC9590087FC2E /* Resources */,
			);
			path = AnimationApp;
			sourceTree = "<group>";
		};
		A5D24EDA26BAC8E60087FC2E /* Storyboards */ = {
			isa = PBXGroup;
			children = (
				A50DDBD126B932B2007CD146 /* Main.storyboard */,
				A50DDBD626B932B4007CD146 /* LaunchScreen.storyboard */,
			);
			path = Storyboards;
			sourceTree = "<group>";
		};
		A5D24EDB26BAC9180087FC2E /* Models */ = {
			isa = PBXGroup;
			children = (
				A5CADA0A26B98EA4004ED243 /* Animation.swift */,
			);
			path = Models;
			sourceTree = "<group>";
		};
		A5D24EDD26BAC9590087FC2E /* Resources */ = {
			isa = PBXGroup;
			children = (
				A50DDBD426B932B4007CD146 /* Assets.xcassets */,
			);
			path = Resources;
			sourceTree = "<group>";
		};
		A5D24EDF26BACA000087FC2E /* ViewControllers */ = {
			isa = PBXGroup;
			children = (
				A50DDBCF26B932B2007CD146 /* AnimationViewController.swift */,
			);
			path = ViewControllers;
			sourceTree = "<group>";
		};
		A5D24EE126BACA1D0087FC2E /* SupportFiles */ = {
			isa = PBXGroup;
			children = (
				A50DDBCB26B932B2007CD146 /* AppDelegate.swift */,
				A50DDBCD26B932B2007CD146 /* SceneDelegate.swift */,
				A50DDBD926B932B4007CD146 /* Info.plist */,
			);
			path = SupportFiles;
			sourceTree = "<group>";
		};
		C464134F6FAB0186E1A0FCB9 /* Frameworks */ = {
			isa = PBXGroup;
			children = (
				F237B929613E117AE182A62B /* Pods_AnimationApp.framework */,
			);
			name = Frameworks;
			sourceTree = "<group>";
		};
/* End PBXGroup section */

/* Begin PBXNativeTarget section */
		A50DDBC726B932B2007CD146 /* AnimationApp */ = {
			isa = PBXNativeTarget;
			buildConfigurationList = A50DDBDC26B932B4007CD146 /* Build configuration list for PBXNativeTarget "AnimationApp" */;
			buildPhases = (
				1BCD6746FA1C65743CC3884A /* [CP] Check Pods Manifest.lock */,
				A50DDBC426B932B2007CD146 /* Sources */,
				A50DDBC526B932B2007CD146 /* Frameworks */,
				A50DDBC626B932B2007CD146 /* Resources */,
				2107AAE0DD10903E30C5BAB5 /* [CP] Embed Pods Frameworks */,
			);
			buildRules = (
			);
			dependencies = (
			);
			name = AnimationApp;
			productName = AnimationApp;
			productReference = A50DDBC826B932B2007CD146 /* AnimationApp.app */;
			productType = "com.apple.product-type.application";
		};
/* End PBXNativeTarget section */

/* Begin PBXProject section */
		A50DDBC026B932B2007CD146 /* Project object */ = {
			isa = PBXProject;
			attributes = {
				LastSwiftUpdateCheck = 1240;
				LastUpgradeCheck = 1240;
				TargetAttributes = {
					A50DDBC726B932B2007CD146 = {
						CreatedOnToolsVersion = 12.4;
					};
				};
			};
			buildConfigurationList = A50DDBC326B932B2007CD146 /* Build configuration list for PBXProject "AnimationApp" */;
			compatibilityVersion = "Xcode 9.3";
			developmentRegion = en;
			hasScannedForEncodings = 0;
			knownRegions = (
				en,
				Base,
			);
			mainGroup = A50DDBBF26B932B2007CD146;
			productRefGroup = A50DDBC926B932B2007CD146 /* Products */;
			projectDirPath = "";
			projectRoot = "";
			targets = (
				A50DDBC726B932B2007CD146 /* AnimationApp */,
			);
		};
/* End PBXProject section */

/* Begin PBXResourcesBuildPhase section */
		A50DDBC626B932B2007CD146 /* Resources */ = {
			isa = PBXResourcesBuildPhase;
			buildActionMask = 2147483647;
			files = (
				A50DDBD826B932B4007CD146 /* LaunchScreen.storyboard in Resources */,
				A50DDBD526B932B4007CD146 /* Assets.xcassets in Resources */,
				A50DDBD326B932B2007CD146 /* Main.storyboard in Resources */,
			);
			runOnlyForDeploymentPostprocessing = 0;
		};
/* End PBXResourcesBuildPhase section */

/* Begin PBXShellScriptBuildPhase section */
		1BCD6746FA1C65743CC3884A /* [CP] Check Pods Manifest.lock */ = {
			isa = PBXShellScriptBuildPhase;
			buildActionMask = 2147483647;
			files = (
			);
			inputFileListPaths = (
			);
			inputPaths = (
				"${PODS_PODFILE_DIR_PATH}/Podfile.lock",
				"${PODS_ROOT}/Manifest.lock",
			);
			name = "[CP] Check Pods Manifest.lock";
			outputFileListPaths = (
			);
			outputPaths = (
				"$(DERIVED_FILE_DIR)/Pods-AnimationApp-checkManifestLockResult.txt",
			);
			runOnlyForDeploymentPostprocessing = 0;
			shellPath = /bin/sh;
			shellScript = "diff \"${PODS_PODFILE_DIR_PATH}/Podfile.lock\" \"${PODS_ROOT}/Manifest.lock\" > /dev/null\nif [ $? != 0 ] ; then\n    # print error to STDERR\n    echo \"error: The sandbox is not in sync with the Podfile.lock. Run 'pod install' or update your CocoaPods installation.\" >&2\n    exit 1\nfi\n# This output is used by Xcode 'outputs' to avoid re-running this script phase.\necho \"SUCCESS\" > \"${SCRIPT_OUTPUT_FILE_0}\"\n";
			showEnvVarsInLog = 0;
		};
		2107AAE0DD10903E30C5BAB5 /* [CP] Embed Pods Frameworks */ = {
			isa = PBXShellScriptBuildPhase;
			buildActionMask = 2147483647;
			files = (
			);
			inputFileListPaths = (
				"${PODS_ROOT}/Target Support Files/Pods-AnimationApp/Pods-AnimationApp-frameworks-${CONFIGURATION}-input-files.xcfilelist",
			);
			name = "[CP] Embed Pods Frameworks";
			outputFileListPaths = (
				"${PODS_ROOT}/Target Support Files/Pods-AnimationApp/Pods-AnimationApp-frameworks-${CONFIGURATION}-output-files.xcfilelist",
			);
			runOnlyForDeploymentPostprocessing = 0;
			shellPath = /bin/sh;
			shellScript = "\"${PODS_ROOT}/Target Support Files/Pods-AnimationApp/Pods-AnimationApp-frameworks.sh\"\n";
			showEnvVarsInLog = 0;
		};
/* End PBXShellScriptBuildPhase section */

/* Begin PBXSourcesBuildPhase section */
		A50DDBC426B932B2007CD146 /* Sources */ = {
			isa = PBXSourcesBuildPhase;
			buildActionMask = 2147483647;
			files = (
				A50DDBD026B932B2007CD146 /* AnimationViewController.swift in Sources */,
				A50DDBCC26B932B2007CD146 /* AppDelegate.swift in Sources */,
				A50DDBCE26B932B2007CD146 /* SceneDelegate.swift in Sources */,
				A5CADA0B26B98EA4004ED243 /* Animation.swift in Sources */,
			);
			runOnlyForDeploymentPostprocessing = 0;
		};
/* End PBXSourcesBuildPhase section */

/* Begin PBXVariantGroup section */
		A50DDBD126B932B2007CD146 /* Main.storyboard */ = {
			isa = PBXVariantGroup;
			children = (
				A50DDBD226B932B2007CD146 /* Base */,
			);
			name = Main.storyboard;
			sourceTree = "<group>";
		};
		A50DDBD626B932B4007CD146 /* LaunchScreen.storyboard */ = {
			isa = PBXVariantGroup;
			children = (
				A50DDBD726B932B4007CD146 /* Base */,
			);
			name = LaunchScreen.storyboard;
			sourceTree = "<group>";
		};
/* End PBXVariantGroup section */

/* Begin XCBuildConfiguration section */
		A50DDBDA26B932B4007CD146 /* Debug */ = {
			isa = XCBuildConfiguration;
			buildSettings = {
				ALWAYS_SEARCH_USER_PATHS = NO;
				CLANG_ANALYZER_NONNULL = YES;
				CLANG_ANALYZER_NUMBER_OBJECT_CONVERSION = YES_AGGRESSIVE;
				CLANG_CXX_LANGUAGE_STANDARD = "gnu++14";
				CLANG_CXX_LIBRARY = "libc++";
				CLANG_ENABLE_MODULES = YES;
				CLANG_ENABLE_OBJC_ARC = YES;
				CLANG_ENABLE_OBJC_WEAK = YES;
				CLANG_WARN_BLOCK_CAPTURE_AUTORELEASING = YES;
				CLANG_WARN_BOOL_CONVERSION = YES;
				CLANG_WARN_COMMA = YES;
				CLANG_WARN_CONSTANT_CONVERSION = YES;
				CLANG_WARN_DEPRECATED_OBJC_IMPLEMENTATIONS = YES;
				CLANG_WARN_DIRECT_OBJC_ISA_USAGE = YES_ERROR;
				CLANG_WARN_DOCUMENTATION_COMMENTS = YES;
				CLANG_WARN_EMPTY_BODY = YES;
				CLANG_WARN_ENUM_CONVERSION = YES;
				CLANG_WARN_INFINITE_RECURSION = YES;
				CLANG_WARN_INT_CONVERSION = YES;
				CLANG_WARN_NON_LITERAL_NULL_CONVERSION = YES;
				CLANG_WARN_OBJC_IMPLICIT_RETAIN_SELF = YES;
				CLANG_WARN_OBJC_LITERAL_CONVERSION = YES;
				CLANG_WARN_OBJC_ROOT_CLASS = YES_ERROR;
				CLANG_WARN_QUOTED_INCLUDE_IN_FRAMEWORK_HEADER = YES;
				CLANG_WARN_RANGE_LOOP_ANALYSIS = YES;
				CLANG_WARN_STRICT_PROTOTYPES = YES;
				CLANG_WARN_SUSPICIOUS_MOVE = YES;
				CLANG_WARN_UNGUARDED_AVAILABILITY = YES_AGGRESSIVE;
				CLANG_WARN_UNREACHABLE_CODE = YES;
				CLANG_WARN__DUPLICATE_METHOD_MATCH = YES;
				COPY_PHASE_STRIP = NO;
				DEBUG_INFORMATION_FORMAT = dwarf;
				ENABLE_STRICT_OBJC_MSGSEND = YES;
				ENABLE_TESTABILITY = YES;
				GCC_C_LANGUAGE_STANDARD = gnu11;
				GCC_DYNAMIC_NO_PIC = NO;
				GCC_NO_COMMON_BLOCKS = YES;
				GCC_OPTIMIZATION_LEVEL = 0;
				GCC_PREPROCESSOR_DEFINITIONS = (
					"DEBUG=1",
					"$(inherited)",
				);
				GCC_WARN_64_TO_32_BIT_CONVERSION = YES;
				GCC_WARN_ABOUT_RETURN_TYPE = YES_ERROR;
				GCC_WARN_UNDECLARED_SELECTOR = YES;
				GCC_WARN_UNINITIALIZED_AUTOS = YES_AGGRESSIVE;
				GCC_WARN_UNUSED_FUNCTION = YES;
				GCC_WARN_UNUSED_VARIABLE = YES;
				IPHONEOS_DEPLOYMENT_TARGET = 14.4;
				MTL_ENABLE_DEBUG_INFO = INCLUDE_SOURCE;
				MTL_FAST_MATH = YES;
				ONLY_ACTIVE_ARCH = YES;
				SDKROOT = iphoneos;
				SWIFT_ACTIVE_COMPILATION_CONDITIONS = DEBUG;
				SWIFT_OPTIMIZATION_LEVEL = "-Onone";
			};
			name = Debug;
		};
		A50DDBDB26B932B4007CD146 /* Release */ = {
			isa = XCBuildConfiguration;
			buildSettings = {
				ALWAYS_SEARCH_USER_PATHS = NO;
				CLANG_ANALYZER_NONNULL = YES;
				CLANG_ANALYZER_NUMBER_OBJECT_CONVERSION = YES_AGGRESSIVE;
				CLANG_CXX_LANGUAGE_STANDARD = "gnu++14";
				CLANG_CXX_LIBRARY = "libc++";
				CLANG_ENABLE_MODULES = YES;
				CLANG_ENABLE_OBJC_ARC = YES;
				CLANG_ENABLE_OBJC_WEAK = YES;
				CLANG_WARN_BLOCK_CAPTURE_AUTORELEASING = YES;
				CLANG_WARN_BOOL_CONVERSION = YES;
				CLANG_WARN_COMMA = YES;
				CLANG_WARN_CONSTANT_CONVERSION = YES;
				CLANG_WARN_DEPRECATED_OBJC_IMPLEMENTATIONS = YES;
				CLANG_WARN_DIRECT_OBJC_ISA_USAGE = YES_ERROR;
				CLANG_WARN_DOCUMENTATION_COMMENTS = YES;
				CLANG_WARN_EMPTY_BODY = YES;
				CLANG_WARN_ENUM_CONVERSION = YES;
				CLANG_WARN_INFINITE_RECURSION = YES;
				CLANG_WARN_INT_CONVERSION = YES;
				CLANG_WARN_NON_LITERAL_NULL_CONVERSION = YES;
				CLANG_WARN_OBJC_IMPLICIT_RETAIN_SELF = YES;
				CLANG_WARN_OBJC_LITERAL_CONVERSION = YES;
				CLANG_WARN_OBJC_ROOT_CLASS = YES_ERROR;
				CLANG_WARN_QUOTED_INCLUDE_IN_FRAMEWORK_HEADER = YES;
				CLANG_WARN_RANGE_LOOP_ANALYSIS = YES;
				CLANG_WARN_STRICT_PROTOTYPES = YES;
				CLANG_WARN_SUSPICIOUS_MOVE = YES;
				CLANG_WARN_UNGUARDED_AVAILABILITY = YES_AGGRESSIVE;
				CLANG_WARN_UNREACHABLE_CODE = YES;
				CLANG_WARN__DUPLICATE_METHOD_MATCH = YES;
				COPY_PHASE_STRIP = NO;
				DEBUG_INFORMATION_FORMAT = "dwarf-with-dsym";
				ENABLE_NS_ASSERTIONS = NO;
				ENABLE_STRICT_OBJC_MSGSEND = YES;
				GCC_C_LANGUAGE_STANDARD = gnu11;
				GCC_NO_COMMON_BLOCKS = YES;
				GCC_WARN_64_TO_32_BIT_CONVERSION = YES;
				GCC_WARN_ABOUT_RETURN_TYPE = YES_ERROR;
				GCC_WARN_UNDECLARED_SELECTOR = YES;
				GCC_WARN_UNINITIALIZED_AUTOS = YES_AGGRESSIVE;
				GCC_WARN_UNUSED_FUNCTION = YES;
				GCC_WARN_UNUSED_VARIABLE = YES;
				IPHONEOS_DEPLOYMENT_TARGET = 14.4;
				MTL_ENABLE_DEBUG_INFO = NO;
				MTL_FAST_MATH = YES;
				SDKROOT = iphoneos;
				SWIFT_COMPILATION_MODE = wholemodule;
				SWIFT_OPTIMIZATION_LEVEL = "-O";
				VALIDATE_PRODUCT = YES;
			};
			name = Release;
		};
		A50DDBDD26B932B4007CD146 /* Debug */ = {
			isa = XCBuildConfiguration;
			baseConfigurationReference = 1846D8B018829B59AA784738 /* Pods-AnimationApp.debug.xcconfig */;
			buildSettings = {
				ASSETCATALOG_COMPILER_APPICON_NAME = AppIcon;
				ASSETCATALOG_COMPILER_GLOBAL_ACCENT_COLOR_NAME = AccentColor;
				CODE_SIGN_STYLE = Automatic;
				DEVELOPMENT_TEAM = 33JK998GP5;
				INFOPLIST_FILE = AnimationApp/SupportFiles/Info.plist;
				LD_RUNPATH_SEARCH_PATHS = (
					"$(inherited)",
					"@executable_path/Frameworks",
				);
				PRODUCT_BUNDLE_IDENTIFIER = Sergey.AnimationApp;
				PRODUCT_NAME = "$(TARGET_NAME)";
				SWIFT_VERSION = 5.0;
				TARGETED_DEVICE_FAMILY = "1,2";
			};
			name = Debug;
		};
		A50DDBDE26B932B4007CD146 /* Release */ = {
			isa = XCBuildConfiguration;
			baseConfigurationReference = 79C57DAB8C6E54C8BF93C1A9 /* Pods-AnimationApp.release.xcconfig */;
			buildSettings = {
				ASSETCATALOG_COMPILER_APPICON_NAME = AppIcon;
				ASSETCATALOG_COMPILER_GLOBAL_ACCENT_COLOR_NAME = AccentColor;
				CODE_SIGN_STYLE = Automatic;
				DEVELOPMENT_TEAM = 33JK998GP5;
				INFOPLIST_FILE = AnimationApp/SupportFiles/Info.plist;
				LD_RUNPATH_SEARCH_PATHS = (
					"$(inherited)",
					"@executable_path/Frameworks",
				);
				PRODUCT_BUNDLE_IDENTIFIER = Sergey.AnimationApp;
				PRODUCT_NAME = "$(TARGET_NAME)";
				SWIFT_VERSION = 5.0;
				TARGETED_DEVICE_FAMILY = "1,2";
			};
			name = Release;
		};
/* End XCBuildConfiguration section */

/* Begin XCConfigurationList section */
		A50DDBC326B932B2007CD146 /* Build configuration list for PBXProject "AnimationApp" */ = {
			isa = XCConfigurationList;
			buildConfigurations = (
				A50DDBDA26B932B4007CD146 /* Debug */,
				A50DDBDB26B932B4007CD146 /* Release */,
			);
			defaultConfigurationIsVisible = 0;
			defaultConfigurationName = Release;
		};
		A50DDBDC26B932B4007CD146 /* Build configuration list for PBXNativeTarget "AnimationApp" */ = {
			isa = XCConfigurationList;
			buildConfigurations = (
				A50DDBDD26B932B4007CD146 /* Debug */,
				A50DDBDE26B932B4007CD146 /* Release */,
			);
			defaultConfigurationIsVisible = 0;
			defaultConfigurationName = Release;
		};
/* End XCConfigurationList section */
	};
	rootObject = A50DDBC026B932B2007CD146 /* Project object */;
}
